
Microsoft Visual Studio Solution File, Format Version 12.00
# Visual Studio 15
VisualStudioVersion = 15.0.27130.2036
MinimumVisualStudioVersion = 10.0.40219.1
Project("{FAE04EC0-301F-11D3-BF4B-00C04F79EFBC}") = "Parking", "Parking\Parking.csproj", "{DFFCCEEB-9B7E-4F56-9CDD-B45E127F197E}"
EndProject
Global
	GlobalSection(SolutionConfigurationPlatforms) = preSolution
		Debug|Any CPU = Debug|Any CPU
		Release|Any CPU = Release|Any CPU
	EndGlobalSection
	GlobalSection(ProjectConfigurationPlatforms) = postSolution
		{DFFCCEEB-9B7E-4F56-9CDD-B45E127F197E}.Debug|Any CPU.ActiveCfg = Debug|Any CPU
		{DFFCCEEB-9B7E-4F56-9CDD-B45E127F197E}.Debug|Any CPU.Build.0 = Debug|Any CPU
		{DFFCCEEB-9B7E-4F56-9CDD-B45E127F197E}.Release|Any CPU.ActiveCfg = Release|Any CPU
		{DFFCCEEB-9B7E-4F56-9CDD-B45E127F197E}.Release|Any CPU.Build.0 = Release|Any CPU
	EndGlobalSection
	GlobalSection(SolutionProperties) = preSolution
		HideSolutionNode = FALSE
	EndGlobalSection
	GlobalSection(ExtensibilityGlobals) = postSolution
		SolutionGuid = {533D652C-42D2-400C-94BB-828435921855}
	EndGlobalSection
EndGlobal
